
Microsoft Visual Studio Solution File, Format Version 12.00
# Visual Studio Version 17
VisualStudioVersion = 17.5.33530.505
MinimumVisualStudioVersion = 10.0.40219.1
Project("{9A19103F-16F7-4668-BE54-9A1E7A4F7556}") = "FrigateSender", "src\FrigateSender\FrigateSender.csproj", "{F9B0461E-B172-4DB3-B6E9-539C46A9B9BC}"
EndProject
Project("{9A19103F-16F7-4668-BE54-9A1E7A4F7556}") = "FrigateSender.Tests", "src\FrigateSender.Tests\FrigateSender.Tests.csproj", "{04C5C191-B0EA-4904-B27D-848021C9E77C}"
EndProject
Global
	GlobalSection(SolutionConfigurationPlatforms) = preSolution
		Debug|Any CPU = Debug|Any CPU
		Release|Any CPU = Release|Any CPU
	EndGlobalSection
	GlobalSection(ProjectConfigurationPlatforms) = postSolution
		{F9B0461E-B172-4DB3-B6E9-539C46A9B9BC}.Debug|Any CPU.ActiveCfg = Debug|Any CPU
		{F9B0461E-B172-4DB3-B6E9-539C46A9B9BC}.Debug|Any CPU.Build.0 = Debug|Any CPU
		{F9B0461E-B172-4DB3-B6E9-539C46A9B9BC}.Release|Any CPU.ActiveCfg = Release|Any CPU
		{F9B0461E-B172-4DB3-B6E9-539C46A9B9BC}.Release|Any CPU.Build.0 = Release|Any CPU
		{04C5C191-B0EA-4904-B27D-848021C9E77C}.Debug|Any CPU.ActiveCfg = Debug|Any CPU
		{04C5C191-B0EA-4904-B27D-848021C9E77C}.Debug|Any CPU.Build.0 = Debug|Any CPU
		{04C5C191-B0EA-4904-B27D-848021C9E77C}.Release|Any CPU.ActiveCfg = Release|Any CPU
		{04C5C191-B0EA-4904-B27D-848021C9E77C}.Release|Any CPU.Build.0 = Release|Any CPU
	EndGlobalSection
	GlobalSection(SolutionProperties) = preSolution
		HideSolutionNode = FALSE
	EndGlobalSection
	GlobalSection(ExtensibilityGlobals) = postSolution
		SolutionGuid = {EBE816F9-3DE8-4B28-8BF4-B15728333B2F}
	EndGlobalSection
EndGlobal
